
Microsoft Visual Studio Solution File, Format Version 12.00
# Visual Studio Version 17
VisualStudioVersion = 17.5.33502.453
MinimumVisualStudioVersion = 10.0.40219.1
Project("{FAE04EC0-301F-11D3-BF4B-00C04F79EFBC}") = "JWTAuthenticationService", "JWTAuthenticationService.csproj", "{CF62C607-F6B3-4C89-A79D-D4F3B575BF12}"
EndProject
Global
	GlobalSection(SolutionConfigurationPlatforms) = preSolution
		Debug|Any CPU = Debug|Any CPU
		Release|Any CPU = Release|Any CPU
	EndGlobalSection
	GlobalSection(ProjectConfigurationPlatforms) = postSolution
		{CF62C607-F6B3-4C89-A79D-D4F3B575BF12}.Debug|Any CPU.ActiveCfg = Debug|Any CPU
		{CF62C607-F6B3-4C89-A79D-D4F3B575BF12}.Debug|Any CPU.Build.0 = Debug|Any CPU
		{CF62C607-F6B3-4C89-A79D-D4F3B575BF12}.Release|Any CPU.ActiveCfg = Release|Any CPU
		{CF62C607-F6B3-4C89-A79D-D4F3B575BF12}.Release|Any CPU.Build.0 = Release|Any CPU
	EndGlobalSection
	GlobalSection(SolutionProperties) = preSolution
		HideSolutionNode = FALSE
	EndGlobalSection
	GlobalSection(ExtensibilityGlobals) = postSolution
		SolutionGuid = {B616A843-7928-4308-B468-D964EB5E9310}
	EndGlobalSection
EndGlobal
