
Microsoft Visual Studio Solution File, Format Version 12.00
# Visual Studio Version 17
VisualStudioVersion = 17.5.33502.453
MinimumVisualStudioVersion = 10.0.40219.1
Project("{FAE04EC0-301F-11D3-BF4B-00C04F79EFBC}") = "HotelService", "HotelService.csproj", "{82A4C446-0EBA-42C0-A0ED-71BB0AA5C60C}"
EndProject
Global
	GlobalSection(SolutionConfigurationPlatforms) = preSolution
		Debug|Any CPU = Debug|Any CPU
		Release|Any CPU = Release|Any CPU
	EndGlobalSection
	GlobalSection(ProjectConfigurationPlatforms) = postSolution
		{82A4C446-0EBA-42C0-A0ED-71BB0AA5C60C}.Debug|Any CPU.ActiveCfg = Debug|Any CPU
		{82A4C446-0EBA-42C0-A0ED-71BB0AA5C60C}.Debug|Any CPU.Build.0 = Debug|Any CPU
		{82A4C446-0EBA-42C0-A0ED-71BB0AA5C60C}.Release|Any CPU.ActiveCfg = Release|Any CPU
		{82A4C446-0EBA-42C0-A0ED-71BB0AA5C60C}.Release|Any CPU.Build.0 = Release|Any CPU
	EndGlobalSection
	GlobalSection(SolutionProperties) = preSolution
		HideSolutionNode = FALSE
	EndGlobalSection
	GlobalSection(ExtensibilityGlobals) = postSolution
		SolutionGuid = {87745247-3A63-4F70-9722-6B3AB929D761}
	EndGlobalSection
EndGlobal
