
Microsoft Visual Studio Solution File, Format Version 12.00
# Visual Studio Version 17
VisualStudioVersion = 17.5.33502.453
MinimumVisualStudioVersion = 10.0.40219.1
Project("{FAE04EC0-301F-11D3-BF4B-00C04F79EFBC}") = "RoomService", "RoomService.csproj", "{5F8E9D6A-6D74-459F-89A1-198D618A068D}"
EndProject
Global
	GlobalSection(SolutionConfigurationPlatforms) = preSolution
		Debug|Any CPU = Debug|Any CPU
		Release|Any CPU = Release|Any CPU
	EndGlobalSection
	GlobalSection(ProjectConfigurationPlatforms) = postSolution
		{5F8E9D6A-6D74-459F-89A1-198D618A068D}.Debug|Any CPU.ActiveCfg = Debug|Any CPU
		{5F8E9D6A-6D74-459F-89A1-198D618A068D}.Debug|Any CPU.Build.0 = Debug|Any CPU
		{5F8E9D6A-6D74-459F-89A1-198D618A068D}.Release|Any CPU.ActiveCfg = Release|Any CPU
		{5F8E9D6A-6D74-459F-89A1-198D618A068D}.Release|Any CPU.Build.0 = Release|Any CPU
	EndGlobalSection
	GlobalSection(SolutionProperties) = preSolution
		HideSolutionNode = FALSE
	EndGlobalSection
	GlobalSection(ExtensibilityGlobals) = postSolution
		SolutionGuid = {896B8B00-F760-4749-AC9B-79F7AD630B1D}
	EndGlobalSection
EndGlobal
